
Microsoft Visual Studio Solution File, Format Version 12.00
# Visual Studio 15
VisualStudioVersion = 15.0.28307.1300
MinimumVisualStudioVersion = 10.0.40219.1
Project("{8BC9CEB8-8B4A-11D0-8D11-00A0C91BC942}") = "invertir-flujo-de-entrada-cpp", "invertir-flujo-de-entrada-cpp\invertir-flujo-de-entrada-cpp.vcxproj", "{E2C0D739-F54C-4F3E-9955-047684274509}"
EndProject
Global
	GlobalSection(SolutionConfigurationPlatforms) = preSolution
		Debug|x64 = Debug|x64
		Debug|x86 = Debug|x86
		Release|x64 = Release|x64
		Release|x86 = Release|x86
	EndGlobalSection
	GlobalSection(ProjectConfigurationPlatforms) = postSolution
		{E2C0D739-F54C-4F3E-9955-047684274509}.Debug|x64.ActiveCfg = Debug|x64
		{E2C0D739-F54C-4F3E-9955-047684274509}.Debug|x64.Build.0 = Debug|x64
		{E2C0D739-F54C-4F3E-9955-047684274509}.Debug|x86.ActiveCfg = Debug|Win32
		{E2C0D739-F54C-4F3E-9955-047684274509}.Debug|x86.Build.0 = Debug|Win32
		{E2C0D739-F54C-4F3E-9955-047684274509}.Release|x64.ActiveCfg = Release|x64
		{E2C0D739-F54C-4F3E-9955-047684274509}.Release|x64.Build.0 = Release|x64
		{E2C0D739-F54C-4F3E-9955-047684274509}.Release|x86.ActiveCfg = Release|Win32
		{E2C0D739-F54C-4F3E-9955-047684274509}.Release|x86.Build.0 = Release|Win32
	EndGlobalSection
	GlobalSection(SolutionProperties) = preSolution
		HideSolutionNode = FALSE
	EndGlobalSection
	GlobalSection(ExtensibilityGlobals) = postSolution
		SolutionGuid = {D3D443E1-962A-4216-B71B-4D9E3F77ADD3}
	EndGlobalSection
EndGlobal
